{
  "name": "typescript",
  "lockfileVersion": 3,
  "requires": true,
  "packages": {
    "": {
      "dependencies": {
        "typescript": "^5.0.0-beta"
      }
    },
    "node_modules/typescript": {
      "version": "5.0.0-beta",
      "resolved": "https://registry.npmjs.org/typescript/-/typescript-5.0.0-beta.tgz",
      "integrity": "sha512-+SSabbSXG5mtF+QGdV9uXXt9Saq1cSyI6hSG7znhaLoquleJpnmfkwSxFngK9c2fWWi1W/263TuzXQOsIcdjjA==",
      "bin": {
        "tsc": "bin/tsc",
        "tsserver": "bin/tsserver"
      },
      "engines": {
        "node": ">=4.2.0"
      }
    }
  }
}
