{
  "name": "dispose",
  "version": "1.0.0",
  "lockfileVersion": 3,
  "requires": true,
  "packages": {
    "": {
      "name": "dispose",
      "version": "1.0.0",
      "license": "MIT",
      "devDependencies": {
        "typescript": "^5.2.0-dev.20230630"
      }
    },
    "node_modules/typescript": {
      "version": "5.2.0-dev.20230630",
      "resolved": "https://registry.npmjs.org/typescript/-/typescript-5.2.0-dev.20230630.tgz",
      "integrity": "sha512-PpI4tXtyv86eAhapMWrJF5roAxswu022vmSjDRU7NzPqT5+DlBktIlDePOrBo7OUBWNVEiUfsWuoDNbq5Sjj6Q==",
      "dev": true,
      "bin": {
        "tsc": "bin/tsc",
        "tsserver": "bin/tsserver"
      },
      "engines": {
        "node": ">=14.17"
      }
    }
  }
}
