{
  "name": "fp-ts",
  "version": "1.0.0",
  "lockfileVersion": 3,
  "requires": true,
  "packages": {
    "": {
      "name": "fp-ts",
      "version": "1.0.0",
      "license": "ISC",
      "dependencies": {
        "fp-ts": "^2.13.1"
      }
    },
    "node_modules/fp-ts": {
      "version": "2.13.1",
      "resolved": "https://registry.npmjs.org/fp-ts/-/fp-ts-2.13.1.tgz",
      "integrity": "sha512-0eu5ULPS2c/jsa1lGFneEFFEdTbembJv8e4QKXeVJ3lm/5hyve06dlKZrpxmMwJt6rYen7sxmHHK2CLaXvWuWQ=="
    }
  }
}
