{
  "name": "ts-reset",
  "version": "1.0.0",
  "lockfileVersion": 3,
  "requires": true,
  "packages": {
    "": {
      "name": "ts-reset",
      "version": "1.0.0",
      "license": "ISC",
      "devDependencies": {
        "@total-typescript/ts-reset": "^0.3.7"
      }
    },
    "node_modules/@total-typescript/ts-reset": {
      "version": "0.3.7",
      "resolved": "https://registry.npmjs.org/@total-typescript/ts-reset/-/ts-reset-0.3.7.tgz",
      "integrity": "sha512-yXt2BRRVCJVvzWaxac5n0nCXzIrQEBE/MeYlNQ8/Iq7UeelNmm/AdnUAu18ilSS893mbEQ4u6whPt/HvOPc4rw==",
      "dev": true
    }
  }
}
