{
  "name": "JS TEST",
  "lockfileVersion": 3,
  "requires": true,
  "packages": {
    "": {
      "dependencies": {
        "lodash": "^4.17.21"
      },
      "devDependencies": {
        "@types/node": "^18.14.6"
      }
    },
    "node_modules/@types/node": {
      "version": "18.14.6",
      "resolved": "https://registry.npmjs.org/@types/node/-/node-18.14.6.tgz",
      "integrity": "sha512-93+VvleD3mXwlLI/xASjw0FzKcwzl3OdTCzm1LaRfqgS21gfFtK3zDXM5Op9TeeMsJVOaJ2VRDpT9q4Y3d0AvA==",
      "dev": true
    },
    "node_modules/lodash": {
      "version": "4.17.21",
      "resolved": "https://registry.npmjs.org/lodash/-/lodash-4.17.21.tgz",
      "integrity": "sha512-v2kDEe57lecTulaDIuNTPy3Ry4gLGJ6Z1O3vE1krgXZNrsQ+LFTGHVxVjcXPs17LhbZVGedAJv8XZ1tvj5FvSg=="
    }
  }
}
